
Microsoft Visual Studio Solution File, Format Version 12.00
Project("{2150E333-8FDC-42A3-9474-1A3956D46DE8}") = "RiveRuntime", "RiveRuntime", "{AF48C276-4416-4345-8F27-5F3A06311A11}"
	ProjectSection(SolutionItems) = preProject
		RiveRuntime\BindGuide.txt = RiveRuntime\BindGuide.txt
	EndProjectSection
EndProject
Project("{2150E333-8FDC-42A3-9474-1A3956D46DE8}") = "src", "src", "{90449A3E-3ED4-4BCA-965F-1BABB433BB72}"
EndProject
Global
	GlobalSection(SolutionConfigurationPlatforms) = preSolution
		Debug|Any CPU = Debug|Any CPU
		Release|Any CPU = Release|Any CPU
	EndGlobalSection
	GlobalSection(NestedProjects) = preSolution
		{90449A3E-3ED4-4BCA-965F-1BABB433BB72} = {AF48C276-4416-4345-8F27-5F3A06311A11}
	EndGlobalSection
	GlobalSection(ProjectConfigurationPlatforms) = postSolution
	EndGlobalSection
EndGlobal
